
Microsoft Visual Studio Solution File, Format Version 12.00
# Visual Studio Version 17
VisualStudioVersion = 17.6.33801.468
MinimumVisualStudioVersion = 10.0.40219.1
Project("{FAE04EC0-301F-11D3-BF4B-00C04F79EFBC}") = "ファイルTAG情報変更ツール", "ファイルTAG情報変更ツール\ファイルTAG情報変更ツール.csproj", "{04A7FC0A-B07A-4658-B806-C5E728078AFB}"
EndProject
Global
	GlobalSection(SolutionConfigurationPlatforms) = preSolution
		Debug|Any CPU = Debug|Any CPU
		Release|Any CPU = Release|Any CPU
	EndGlobalSection
	GlobalSection(ProjectConfigurationPlatforms) = postSolution
		{04A7FC0A-B07A-4658-B806-C5E728078AFB}.Debug|Any CPU.ActiveCfg = Debug|Any CPU
		{04A7FC0A-B07A-4658-B806-C5E728078AFB}.Debug|Any CPU.Build.0 = Debug|Any CPU
		{04A7FC0A-B07A-4658-B806-C5E728078AFB}.Release|Any CPU.ActiveCfg = Release|Any CPU
		{04A7FC0A-B07A-4658-B806-C5E728078AFB}.Release|Any CPU.Build.0 = Release|Any CPU
	EndGlobalSection
	GlobalSection(SolutionProperties) = preSolution
		HideSolutionNode = FALSE
	EndGlobalSection
	GlobalSection(ExtensibilityGlobals) = postSolution
		SolutionGuid = {E7B3A918-4C06-4ADA-AEF9-309AF5D31330}
	EndGlobalSection
EndGlobal
